
Microsoft Visual Studio Solution File, Format Version 12.00
# Visual Studio Version 16
VisualStudioVersion = 16.0.30413.136
MinimumVisualStudioVersion = 10.0.40219.1
Project("{FAE04EC0-301F-11D3-BF4B-00C04F79EFBC}") = "Aula01", "Aula01.csproj", "{BE67DF07-2ED2-4748-9FEE-1BBF239A2E9F}"
EndProject
Global
	GlobalSection(SolutionConfigurationPlatforms) = preSolution
		Debug|Any CPU = Debug|Any CPU
		Release|Any CPU = Release|Any CPU
	EndGlobalSection
	GlobalSection(ProjectConfigurationPlatforms) = postSolution
		{BE67DF07-2ED2-4748-9FEE-1BBF239A2E9F}.Debug|Any CPU.ActiveCfg = Debug|Any CPU
		{BE67DF07-2ED2-4748-9FEE-1BBF239A2E9F}.Debug|Any CPU.Build.0 = Debug|Any CPU
		{BE67DF07-2ED2-4748-9FEE-1BBF239A2E9F}.Release|Any CPU.ActiveCfg = Release|Any CPU
		{BE67DF07-2ED2-4748-9FEE-1BBF239A2E9F}.Release|Any CPU.Build.0 = Release|Any CPU
	EndGlobalSection
	GlobalSection(SolutionProperties) = preSolution
		HideSolutionNode = FALSE
	EndGlobalSection
	GlobalSection(ExtensibilityGlobals) = postSolution
		SolutionGuid = {A2011835-6F2A-47E7-B0C6-76F3CED5EC2E}
	EndGlobalSection
EndGlobal
